// !$*UTF8*$!
{
	archiveVersion = 1;
	classes = {
	};
	objectVersion = 77;
	objects = {

/* Begin PBXContainerItemProxy section */
		CE9BB7A82CEE977F0064C5F0 /* PBXContainerItemProxy */ = {
			isa = PBXContainerItemProxy;
			containerPortal = CE9BB7842CEE977C0064C5F0 /* Project object */;
			proxyType = 1;
			remoteGlobalIDString = CE9BB78B2CEE977C0064C5F0;
			remoteInfo = "stopwatch-app";
		};
		CE9BB7B22CEE977F0064C5F0 /* PBXContainerItemProxy */ = {
			isa = PBXContainerItemProxy;
			containerPortal = CE9BB7842CEE977C0064C5F0 /* Project object */;
			proxyType = 1;
			remoteGlobalIDString = CE9BB78B2CEE977C0064C5F0;
			remoteInfo = "stopwatch-app";
		};
/* End PBXContainerItemProxy section */

/* Begin PBXFileReference section */
		CE9BB78C2CEE977C0064C5F0 /* stopwatch-app.app */ = {isa = PBXFileReference; explicitFileType = wrapper.application; includeInIndex = 0; path = "stopwatch-app.app"; sourceTree = BUILT_PRODUCTS_DIR; };
		CE9BB7A72CEE977F0064C5F0 /* stopwatch-appTests.xctest */ = {isa = PBXFileReference; explicitFileType = wrapper.cfbundle; includeInIndex = 0; path = "stopwatch-appTests.xctest"; sourceTree = BUILT_PRODUCTS_DIR; };
		CE9BB7B12CEE977F0064C5F0 /* stopwatch-appUITests.xctest */ = {isa = PBXFileReference; explicitFileType = wrapper.cfbundle; includeInIndex = 0; path = "stopwatch-appUITests.xctest"; sourceTree = BUILT_PRODUCTS_DIR; };
/* End PBXFileReference section */

/* Begin PBXFileSystemSynchronizedBuildFileExceptionSet section */
		CE9BB7B92CEE977F0064C5F0 /* Exceptions for "stopwatch-app" folder in "stopwatch-app" target */ = {
			isa = PBXFileSystemSynchronizedBuildFileExceptionSet;
			membershipExceptions = (
				Info.plist,
			);
			target = CE9BB78B2CEE977C0064C5F0 /* stopwatch-app */;
		};
/* End PBXFileSystemSynchronizedBuildFileExceptionSet section */

/* Begin PBXFileSystemSynchronizedRootGroup section */
		CE9BB78E2CEE977C0064C5F0 /* stopwatch-app */ = {
			isa = PBXFileSystemSynchronizedRootGroup;
			exceptions = (
				CE9BB7B92CEE977F0064C5F0 /* Exceptions for "stopwatch-app" folder in "stopwatch-app" target */,
			);
			path = "stopwatch-app";
			sourceTree = "<group>";
		};
		CE9BB7AA2CEE977F0064C5F0 /* stopwatch-appTests */ = {
			isa = PBXFileSystemSynchronizedRootGroup;
			path = "stopwatch-appTests";
			sourceTree = "<group>";
		};
		CE9BB7B42CEE977F0064C5F0 /* stopwatch-appUITests */ = {
			isa = PBXFileSystemSynchronizedRootGroup;
			path = "stopwatch-appUITests";
			sourceTree = "<group>";
		};
/* End PBXFileSystemSynchronizedRootGroup section */

/* Begin PBXFrameworksBuildPhase section */
		CE9BB7892CEE977C0064C5F0 /* Frameworks */ = {
			isa = PBXFrameworksBuildPhase;
			buildActionMask = 2147483647;
			files = (
			);
			runOnlyForDeploymentPostprocessing = 0;
		};
		CE9BB7A42CEE977F0064C5F0 /* Frameworks */ = {
			isa = PBXFrameworksBuildPhase;
			buildActionMask = 2147483647;
			files = (
			);
			runOnlyForDeploymentPostprocessing = 0;
		};
		CE9BB7AE2CEE977F0064C5F0 /* Frameworks */ = {
			isa = PBXFrameworksBuildPhase;
			buildActionMask = 2147483647;
			files = (
			);
			runOnlyForDeploymentPostprocessing = 0;
		};
/* End PBXFrameworksBuildPhase section */

/* Begin PBXGroup section */
		CE9BB7832CEE977C0064C5F0 = {
			isa = PBXGroup;
			children = (
				CE9BB78E2CEE977C0064C5F0 /* stopwatch-app */,
				CE9BB7AA2CEE977F0064C5F0 /* stopwatch-appTests */,
				CE9BB7B42CEE977F0064C5F0 /* stopwatch-appUITests */,
				CE9BB78D2CEE977C0064C5F0 /* Products */,
			);
			sourceTree = "<group>";
		};
		CE9BB78D2CEE977C0064C5F0 /* Products */ = {
			isa = PBXGroup;
			children = (
				CE9BB78C2CEE977C0064C5F0 /* stopwatch-app.app */,
				CE9BB7A72CEE977F0064C5F0 /* stopwatch-appTests.xctest */,
				CE9BB7B12CEE977F0064C5F0 /* stopwatch-appUITests.xctest */,
			);
			name = Products;
			sourceTree = "<group>";
		};
/* End PBXGroup section */

/* Begin PBXNativeTarget section */
		CE9BB78B2CEE977C0064C5F0 /* stopwatch-app */ = {
			isa = PBXNativeTarget;
			buildConfigurationList = CE9BB7BA2CEE977F0064C5F0 /* Build configuration list for PBXNativeTarget "stopwatch-app" */;
			buildPhases = (
				CE9BB7882CEE977C0064C5F0 /* Sources */,
				CE9BB7892CEE977C0064C5F0 /* Frameworks */,
				CE9BB78A2CEE977C0064C5F0 /* Resources */,
			);
			buildRules = (
			);
			dependencies = (
			);
			fileSystemSynchronizedGroups = (
				CE9BB78E2CEE977C0064C5F0 /* stopwatch-app */,
			);
			name = "stopwatch-app";
			packageProductDependencies = (
			);
			productName = "stopwatch-app";
			productReference = CE9BB78C2CEE977C0064C5F0 /* stopwatch-app.app */;
			productType = "com.apple.product-type.application";
		};
		CE9BB7A62CEE977F0064C5F0 /* stopwatch-appTests */ = {
			isa = PBXNativeTarget;
			buildConfigurationList = CE9BB7BF2CEE977F0064C5F0 /* Build configuration list for PBXNativeTarget "stopwatch-appTests" */;
			buildPhases = (
				CE9BB7A32CEE977F0064C5F0 /* Sources */,
				CE9BB7A42CEE977F0064C5F0 /* Frameworks */,
				CE9BB7A52CEE977F0064C5F0 /* Resources */,
			);
			buildRules = (
			);
			dependencies = (
				CE9BB7A92CEE977F0064C5F0 /* PBXTargetDependency */,
			);
			fileSystemSynchronizedGroups = (
				CE9BB7AA2CEE977F0064C5F0 /* stopwatch-appTests */,
			);
			name = "stopwatch-appTests";
			packageProductDependencies = (
			);
			productName = "stopwatch-appTests";
			productReference = CE9BB7A72CEE977F0064C5F0 /* stopwatch-appTests.xctest */;
			productType = "com.apple.product-type.bundle.unit-test";
		};
		CE9BB7B02CEE977F0064C5F0 /* stopwatch-appUITests */ = {
			isa = PBXNativeTarget;
			buildConfigurationList = CE9BB7C22CEE977F0064C5F0 /* Build configuration list for PBXNativeTarget "stopwatch-appUITests" */;
			buildPhases = (
				CE9BB7AD2CEE977F0064C5F0 /* Sources */,
				CE9BB7AE2CEE977F0064C5F0 /* Frameworks */,
				CE9BB7AF2CEE977F0064C5F0 /* Resources */,
			);
			buildRules = (
			);
			dependencies = (
				CE9BB7B32CEE977F0064C5F0 /* PBXTargetDependency */,
			);
			fileSystemSynchronizedGroups = (
				CE9BB7B42CEE977F0064C5F0 /* stopwatch-appUITests */,
			);
			name = "stopwatch-appUITests";
			packageProductDependencies = (
			);
			productName = "stopwatch-appUITests";
			productReference = CE9BB7B12CEE977F0064C5F0 /* stopwatch-appUITests.xctest */;
			productType = "com.apple.product-type.bundle.ui-testing";
		};
/* End PBXNativeTarget section */

/* Begin PBXProject section */
		CE9BB7842CEE977C0064C5F0 /* Project object */ = {
			isa = PBXProject;
			attributes = {
				BuildIndependentTargetsInParallel = 1;
				LastUpgradeCheck = 1600;
				TargetAttributes = {
					CE9BB78B2CEE977C0064C5F0 = {
						CreatedOnToolsVersion = 16.0;
					};
					CE9BB7A62CEE977F0064C5F0 = {
						CreatedOnToolsVersion = 16.0;
						TestTargetID = CE9BB78B2CEE977C0064C5F0;
					};
					CE9BB7B02CEE977F0064C5F0 = {
						CreatedOnToolsVersion = 16.0;
						TestTargetID = CE9BB78B2CEE977C0064C5F0;
					};
				};
			};
			buildConfigurationList = CE9BB7872CEE977C0064C5F0 /* Build configuration list for PBXProject "stopwatch-app" */;
			developmentRegion = en;
			hasScannedForEncodings = 0;
			knownRegions = (
				en,
				Base,
			);
			mainGroup = CE9BB7832CEE977C0064C5F0;
			minimizedProjectReferenceProxies = 1;
			preferredProjectObjectVersion = 77;
			productRefGroup = CE9BB78D2CEE977C0064C5F0 /* Products */;
			projectDirPath = "";
			projectRoot = "";
			targets = (
				CE9BB78B2CEE977C0064C5F0 /* stopwatch-app */,
				CE9BB7A62CEE977F0064C5F0 /* stopwatch-appTests */,
				CE9BB7B02CEE977F0064C5F0 /* stopwatch-appUITests */,
			);
		};
/* End PBXProject section */

/* Begin PBXResourcesBuildPhase section */
		CE9BB78A2CEE977C0064C5F0 /* Resources */ = {
			isa = PBXResourcesBuildPhase;
			buildActionMask = 2147483647;
			files = (
			);
			runOnlyForDeploymentPostprocessing = 0;
		};
		CE9BB7A52CEE977F0064C5F0 /* Resources */ = {
			isa = PBXResourcesBuildPhase;
			buildActionMask = 2147483647;
			files = (
			);
			runOnlyForDeploymentPostprocessing = 0;
		};
		CE9BB7AF2CEE977F0064C5F0 /* Resources */ = {
			isa = PBXResourcesBuildPhase;
			buildActionMask = 2147483647;
			files = (
			);
			runOnlyForDeploymentPostprocessing = 0;
		};
/* End PBXResourcesBuildPhase section */

/* Begin PBXSourcesBuildPhase section */
		CE9BB7882CEE977C0064C5F0 /* Sources */ = {
			isa = PBXSourcesBuildPhase;
			buildActionMask = 2147483647;
			files = (
			);
			runOnlyForDeploymentPostprocessing = 0;
		};
		CE9BB7A32CEE977F0064C5F0 /* Sources */ = {
			isa = PBXSourcesBuildPhase;
			buildActionMask = 2147483647;
			files = (
			);
			runOnlyForDeploymentPostprocessing = 0;
		};
		CE9BB7AD2CEE977F0064C5F0 /* Sources */ = {
			isa = PBXSourcesBuildPhase;
			buildActionMask = 2147483647;
			files = (
			);
			runOnlyForDeploymentPostprocessing = 0;
		};
/* End PBXSourcesBuildPhase section */

/* Begin PBXTargetDependency section */
		CE9BB7A92CEE977F0064C5F0 /* PBXTargetDependency */ = {
			isa = PBXTargetDependency;
			target = CE9BB78B2CEE977C0064C5F0 /* stopwatch-app */;
			targetProxy = CE9BB7A82CEE977F0064C5F0 /* PBXContainerItemProxy */;
		};
		CE9BB7B32CEE977F0064C5F0 /* PBXTargetDependency */ = {
			isa = PBXTargetDependency;
			target = CE9BB78B2CEE977C0064C5F0 /* stopwatch-app */;
			targetProxy = CE9BB7B22CEE977F0064C5F0 /* PBXContainerItemProxy */;
		};
/* End PBXTargetDependency section */

/* Begin XCBuildConfiguration section */
		CE9BB7BB2CEE977F0064C5F0 /* Debug */ = {
			isa = XCBuildConfiguration;
			buildSettings = {
				ASSETCATALOG_COMPILER_APPICON_NAME = AppIcon;
				ASSETCATALOG_COMPILER_GLOBAL_ACCENT_COLOR_NAME = AccentColor;
				CODE_SIGN_STYLE = Automatic;
				CURRENT_PROJECT_VERSION = 1;
				DEVELOPMENT_TEAM = SXY8MZDXJQ;
				GENERATE_INFOPLIST_FILE = YES;
				INFOPLIST_FILE = "stopwatch-app/Info.plist";
				INFOPLIST_KEY_UIApplicationSupportsIndirectInputEvents = YES;
				INFOPLIST_KEY_UILaunchStoryboardName = LaunchScreen;
				INFOPLIST_KEY_UIMainStoryboardFile = Main;
				INFOPLIST_KEY_UISupportedInterfaceOrientations_iPad = "UIInterfaceOrientationPortrait UIInterfaceOrientationPortraitUpsideDown UIInterfaceOrientationLandscapeLeft UIInterfaceOrientationLandscapeRight";
				INFOPLIST_KEY_UISupportedInterfaceOrientations_iPhone = "UIInterfaceOrientationPortrait UIInterfaceOrientationLandscapeLeft UIInterfaceOrientationLandscapeRight";
				LD_RUNPATH_SEARCH_PATHS = (
					"$(inherited)",
					"@executable_path/Frameworks",
				);
				MARKETING_VERSION = 1.0;
				PRODUCT_BUNDLE_IDENTIFIER = "com.risevest.stopwatch-app";
				PRODUCT_NAME = "$(TARGET_NAME)";
				SWIFT_EMIT_LOC_STRINGS = YES;
				TARGETED_DEVICE_FAMILY = "1,2";
			};
			name = Debug;
		};
		CE9BB7BC2CEE977F0064C5F0 /* Release */ = {
			isa = XCBuildConfiguration;
			buildSettings = {
				ASSETCATALOG_COMPILER_APPICON_NAME = AppIcon;
				ASSETCATALOG_COMPILER_GLOBAL_ACCENT_COLOR_NAME = AccentColor;
				CODE_SIGN_STYLE = Automatic;
				CURRENT_PROJECT_VERSION = 1;
				DEVELOPMENT_TEAM = SXY8MZDXJQ;
				GENERATE_INFOPLIST_FILE = YES;
				INFOPLIST_FILE = "stopwatch-app/Info.plist";
				INFOPLIST_KEY_UIApplicationSupportsIndirectInputEvents = YES;
				INFOPLIST_KEY_UILaunchStoryboardName = LaunchScreen;
				INFOPLIST_KEY_UIMainStoryboardFile = Main;
				INFOPLIST_KEY_UISupportedInterfaceOrientations_iPad = "UIInterfaceOrientationPortrait UIInterfaceOrientationPortraitUpsideDown UIInterfaceOrientationLandscapeLeft UIInterfaceOrientationLandscapeRight";
				INFOPLIST_KEY_UISupportedInterfaceOrientations_iPhone = "UIInterfaceOrientationPortrait UIInterfaceOrientationLandscapeLeft UIInterfaceOrientationLandscapeRight";
				LD_RUNPATH_SEARCH_PATHS = (
					"$(inherited)",
					"@executable_path/Frameworks",
				);
				MARKETING_VERSION = 1.0;
				PRODUCT_BUNDLE_IDENTIFIER = "com.risevest.stopwatch-app";
				PRODUCT_NAME = "$(TARGET_NAME)";
				SWIFT_EMIT_LOC_STRINGS = YES;
				TARGETED_DEVICE_FAMILY = "1,2";
			};
			name = Release;
		};
		CE9BB7BD2CEE977F0064C5F0 /* Debug */ = {
			isa = XCBuildConfiguration;
			buildSettings = {
				ALWAYS_SEARCH_USER_PATHS = NO;
				ASSETCATALOG_COMPILER_GENERATE_SWIFT_ASSET_SYMBOL_EXTENSIONS = YES;
				CLANG_ANALYZER_NONNULL = YES;
				CLANG_ANALYZER_NUMBER_OBJECT_CONVERSION = YES_AGGRESSIVE;
				CLANG_CXX_LANGUAGE_STANDARD = "gnu++20";
				CLANG_ENABLE_MODULES = YES;
				CLANG_ENABLE_OBJC_ARC = YES;
				CLANG_ENABLE_OBJC_WEAK = YES;
				CLANG_WARN_BLOCK_CAPTURE_AUTORELEASING = YES;
				CLANG_WARN_BOOL_CONVERSION = YES;
				CLANG_WARN_COMMA = YES;
				CLANG_WARN_CONSTANT_CONVERSION = YES;
				CLANG_WARN_DEPRECATED_OBJC_IMPLEMENTATIONS = YES;
				CLANG_WARN_DIRECT_OBJC_ISA_USAGE = YES_ERROR;
				CLANG_WARN_DOCUMENTATION_COMMENTS = YES;
				CLANG_WARN_EMPTY_BODY = YES;
				CLANG_WARN_ENUM_CONVERSION = YES;
				CLANG_WARN_INFINITE_RECURSION = YES;
				CLANG_WARN_INT_CONVERSION = YES;
				CLANG_WARN_NON_LITERAL_NULL_CONVERSION = YES;
				CLANG_WARN_OBJC_IMPLICIT_RETAIN_SELF = YES;
				CLANG_WARN_OBJC_LITERAL_CONVERSION = YES;
				CLANG_WARN_OBJC_ROOT_CLASS = YES_ERROR;
				CLANG_WARN_QUOTED_INCLUDE_IN_FRAMEWORK_HEADER = YES;
				CLANG_WARN_RANGE_LOOP_ANALYSIS = YES;
				CLANG_WARN_STRICT_PROTOTYPES = YES;
				CLANG_WARN_SUSPICIOUS_MOVE = YES;
				CLANG_WARN_UNGUARDED_AVAILABILITY = YES_AGGRESSIVE;
				CLANG_WARN_UNREACHABLE_CODE = YES;
				CLANG_WARN__DUPLICATE_METHOD_MATCH = YES;
				COPY_PHASE_STRIP = NO;
				DEBUG_INFORMATION_FORMAT = dwarf;
				ENABLE_STRICT_OBJC_MSGSEND = YES;
				ENABLE_TESTABILITY = YES;
				ENABLE_USER_SCRIPT_SANDBOXING = YES;
				GCC_C_LANGUAGE_STANDARD = gnu17;
				GCC_DYNAMIC_NO_PIC = NO;
				GCC_NO_COMMON_BLOCKS = YES;
				GCC_OPTIMIZATION_LEVEL = 0;
				GCC_PREPROCESSOR_DEFINITIONS = (
					"DEBUG=1",
					"$(inherited)",
				);
				GCC_WARN_64_TO_32_BIT_CONVERSION = YES;
				GCC_WARN_ABOUT_RETURN_TYPE = YES_ERROR;
				GCC_WARN_UNDECLARED_SELECTOR = YES;
				GCC_WARN_UNINITIALIZED_AUTOS = YES_AGGRESSIVE;
				GCC_WARN_UNUSED_FUNCTION = YES;
				GCC_WARN_UNUSED_VARIABLE = YES;
				IPHONEOS_DEPLOYMENT_TARGET = 18.0;
				LOCALIZATION_PREFERS_STRING_CATALOGS = YES;
				MTL_ENABLE_DEBUG_INFO = INCLUDE_SOURCE;
				MTL_FAST_MATH = YES;
				ONLY_ACTIVE_ARCH = YES;
				SDKROOT = iphoneos;
			};
			name = Debug;
		};
		CE9BB7BE2CEE977F0064C5F0 /* Release */ = {
			isa = XCBuildConfiguration;
			buildSettings = {
				ALWAYS_SEARCH_USER_PATHS = NO;
				ASSETCATALOG_COMPILER_GENERATE_SWIFT_ASSET_SYMBOL_EXTENSIONS = YES;
				CLANG_ANALYZER_NONNULL = YES;
				CLANG_ANALYZER_NUMBER_OBJECT_CONVERSION = YES_AGGRESSIVE;
				CLANG_CXX_LANGUAGE_STANDARD = "gnu++20";
				CLANG_ENABLE_MODULES = YES;
				CLANG_ENABLE_OBJC_ARC = YES;
				CLANG_ENABLE_OBJC_WEAK = YES;
				CLANG_WARN_BLOCK_CAPTURE_AUTORELEASING = YES;
				CLANG_WARN_BOOL_CONVERSION = YES;
				CLANG_WARN_COMMA = YES;
				CLANG_WARN_CONSTANT_CONVERSION = YES;
				CLANG_WARN_DEPRECATED_OBJC_IMPLEMENTATIONS = YES;
				CLANG_WARN_DIRECT_OBJC_ISA_USAGE = YES_ERROR;
				CLANG_WARN_DOCUMENTATION_COMMENTS = YES;
				CLANG_WARN_EMPTY_BODY = YES;
				CLANG_WARN_ENUM_CONVERSION = YES;
				CLANG_WARN_INFINITE_RECURSION = YES;
				CLANG_WARN_INT_CONVERSION = YES;
				CLANG_WARN_NON_LITERAL_NULL_CONVERSION = YES;
				CLANG_WARN_OBJC_IMPLICIT_RETAIN_SELF = YES;
				CLANG_WARN_OBJC_LITERAL_CONVERSION = YES;
				CLANG_WARN_OBJC_ROOT_CLASS = YES_ERROR;
				CLANG_WARN_QUOTED_INCLUDE_IN_FRAMEWORK_HEADER = YES;
				CLANG_WARN_RANGE_LOOP_ANALYSIS = YES;
				CLANG_WARN_STRICT_PROTOTYPES = YES;
				CLANG_WARN_SUSPICIOUS_MOVE = YES;
				CLANG_WARN_UNGUARDED_AVAILABILITY = YES_AGGRESSIVE;
				CLANG_WARN_UNREACHABLE_CODE = YES;
				CLANG_WARN__DUPLICATE_METHOD_MATCH = YES;
				COPY_PHASE_STRIP = NO;
				DEBUG_INFORMATION_FORMAT = "dwarf-with-dsym";
				ENABLE_NS_ASSERTIONS = NO;
				ENABLE_STRICT_OBJC_MSGSEND = YES;
				ENABLE_USER_SCRIPT_SANDBOXING = YES;
				GCC_C_LANGUAGE_STANDARD = gnu17;
				GCC_NO_COMMON_BLOCKS = YES;
				GCC_WARN_64_TO_32_BIT_CONVERSION = YES;
				GCC_WARN_ABOUT_RETURN_TYPE = YES_ERROR;
				GCC_WARN_UNDECLARED_SELECTOR = YES;
				GCC_WARN_UNINITIALIZED_AUTOS = YES_AGGRESSIVE;
				GCC_WARN_UNUSED_FUNCTION = YES;
				GCC_WARN_UNUSED_VARIABLE = YES;
				IPHONEOS_DEPLOYMENT_TARGET = 18.0;
				LOCALIZATION_PREFERS_STRING_CATALOGS = YES;
				MTL_ENABLE_DEBUG_INFO = NO;
				MTL_FAST_MATH = YES;
				SDKROOT = iphoneos;
				VALIDATE_PRODUCT = YES;
			};
			name = Release;
		};
		CE9BB7C02CEE977F0064C5F0 /* Debug */ = {
			isa = XCBuildConfiguration;
			buildSettings = {
				BUNDLE_LOADER = "$(TEST_HOST)";
				CODE_SIGN_STYLE = Automatic;
				CURRENT_PROJECT_VERSION = 1;
				DEVELOPMENT_TEAM = SXY8MZDXJQ;
				GENERATE_INFOPLIST_FILE = YES;
				IPHONEOS_DEPLOYMENT_TARGET = 18.0;
				MARKETING_VERSION = 1.0;
				PRODUCT_BUNDLE_IDENTIFIER = "com.risevest.stopwatch-appTests";
				PRODUCT_NAME = "$(TARGET_NAME)";
				SWIFT_EMIT_LOC_STRINGS = NO;
				TARGETED_DEVICE_FAMILY = "1,2";
				TEST_HOST = "$(BUILT_PRODUCTS_DIR)/stopwatch-app.app/$(BUNDLE_EXECUTABLE_FOLDER_PATH)/stopwatch-app";
			};
			name = Debug;
		};
		CE9BB7C12CEE977F0064C5F0 /* Release */ = {
			isa = XCBuildConfiguration;
			buildSettings = {
				BUNDLE_LOADER = "$(TEST_HOST)";
				CODE_SIGN_STYLE = Automatic;
				CURRENT_PROJECT_VERSION = 1;
				DEVELOPMENT_TEAM = SXY8MZDXJQ;
				GENERATE_INFOPLIST_FILE = YES;
				IPHONEOS_DEPLOYMENT_TARGET = 18.0;
				MARKETING_VERSION = 1.0;
				PRODUCT_BUNDLE_IDENTIFIER = "com.risevest.stopwatch-appTests";
				PRODUCT_NAME = "$(TARGET_NAME)";
				SWIFT_EMIT_LOC_STRINGS = NO;
				TARGETED_DEVICE_FAMILY = "1,2";
				TEST_HOST = "$(BUILT_PRODUCTS_DIR)/stopwatch-app.app/$(BUNDLE_EXECUTABLE_FOLDER_PATH)/stopwatch-app";
			};
			name = Release;
		};
		CE9BB7C32CEE977F0064C5F0 /* Debug */ = {
			isa = XCBuildConfiguration;
			buildSettings = {
				CODE_SIGN_STYLE = Automatic;
				CURRENT_PROJECT_VERSION = 1;
				DEVELOPMENT_TEAM = SXY8MZDXJQ;
				GENERATE_INFOPLIST_FILE = YES;
				MARKETING_VERSION = 1.0;
				PRODUCT_BUNDLE_IDENTIFIER = "com.risevest.stopwatch-appUITests";
				PRODUCT_NAME = "$(TARGET_NAME)";
				SWIFT_EMIT_LOC_STRINGS = NO;
				TARGETED_DEVICE_FAMILY = "1,2";
				TEST_TARGET_NAME = "stopwatch-app";
			};
			name = Debug;
		};
		CE9BB7C42CEE977F0064C5F0 /* Release */ = {
			isa = XCBuildConfiguration;
			buildSettings = {
				CODE_SIGN_STYLE = Automatic;
				CURRENT_PROJECT_VERSION = 1;
				DEVELOPMENT_TEAM = SXY8MZDXJQ;
				GENERATE_INFOPLIST_FILE = YES;
				MARKETING_VERSION = 1.0;
				PRODUCT_BUNDLE_IDENTIFIER = "com.risevest.stopwatch-appUITests";
				PRODUCT_NAME = "$(TARGET_NAME)";
				SWIFT_EMIT_LOC_STRINGS = NO;
				TARGETED_DEVICE_FAMILY = "1,2";
				TEST_TARGET_NAME = "stopwatch-app";
			};
			name = Release;
		};
/* End XCBuildConfiguration section */

/* Begin XCConfigurationList section */
		CE9BB7872CEE977C0064C5F0 /* Build configuration list for PBXProject "stopwatch-app" */ = {
			isa = XCConfigurationList;
			buildConfigurations = (
				CE9BB7BD2CEE977F0064C5F0 /* Debug */,
				CE9BB7BE2CEE977F0064C5F0 /* Release */,
			);
			defaultConfigurationIsVisible = 0;
			defaultConfigurationName = Release;
		};
		CE9BB7BA2CEE977F0064C5F0 /* Build configuration list for PBXNativeTarget "stopwatch-app" */ = {
			isa = XCConfigurationList;
			buildConfigurations = (
				CE9BB7BB2CEE977F0064C5F0 /* Debug */,
				CE9BB7BC2CEE977F0064C5F0 /* Release */,
			);
			defaultConfigurationIsVisible = 0;
			defaultConfigurationName = Release;
		};
		CE9BB7BF2CEE977F0064C5F0 /* Build configuration list for PBXNativeTarget "stopwatch-appTests" */ = {
			isa = XCConfigurationList;
			buildConfigurations = (
				CE9BB7C02CEE977F0064C5F0 /* Debug */,
				CE9BB7C12CEE977F0064C5F0 /* Release */,
			);
			defaultConfigurationIsVisible = 0;
			defaultConfigurationName = Release;
		};
		CE9BB7C22CEE977F0064C5F0 /* Build configuration list for PBXNativeTarget "stopwatch-appUITests" */ = {
			isa = XCConfigurationList;
			buildConfigurations = (
				CE9BB7C32CEE977F0064C5F0 /* Debug */,
				CE9BB7C42CEE977F0064C5F0 /* Release */,
			);
			defaultConfigurationIsVisible = 0;
			defaultConfigurationName = Release;
		};
/* End XCConfigurationList section */
	};
	rootObject = CE9BB7842CEE977C0064C5F0 /* Project object */;
}
